{
  "lockfileVersion": 1,
  "workspaces": {
    "": {
      "name": "shared",
      "dependencies": {
        "bson": "^6.7.0",
        "ts-interface-checker": "^1.0.2",
        "yaml": "^2.4.2",
      },
      "devDependencies": {
        "@antfu/eslint-config": "^2.18.1",
        "eslint": "8.57.0",
        "typescript": "^5.4.5",
      },
    },
  },
  "packages": {
    "@antfu/eslint-config": ["@antfu/eslint-config@2.18.1", "", { "dependencies": { "@antfu/install-pkg": "^0.3.3", "@clack/prompts": "^0.7.0", "@stylistic/eslint-plugin": "^2.1.0", "@typescript-eslint/eslint-plugin": "^7.9.0", "@typescript-eslint/parser": "^7.9.0", "eslint-config-flat-gitignore": "^0.1.5", "eslint-flat-config-utils": "^0.2.5", "eslint-merge-processors": "^0.1.0", "eslint-plugin-antfu": "^2.2.0", "eslint-plugin-command": "^0.2.2", "eslint-plugin-eslint-comments": "^3.2.0", "eslint-plugin-import-x": "^0.5.0", "eslint-plugin-jsdoc": "^48.2.5", "eslint-plugin-jsonc": "^2.15.1", "eslint-plugin-markdown": "^5.0.0", "eslint-plugin-n": "^17.7.0", "eslint-plugin-no-only-tests": "^3.1.0", "eslint-plugin-perfectionist": "^2.10.0", "eslint-plugin-regexp": "^2.5.0", "eslint-plugin-toml": "^0.11.0", "eslint-plugin-unicorn": "^53.0.0", "eslint-plugin-unused-imports": "^3.2.0", "eslint-plugin-vitest": "^0.5.4", "eslint-plugin-vue": "^9.26.0", "eslint-plugin-yml": "^1.14.0", "eslint-processor-vue-blocks": "^0.1.2", "globals": "^15.2.0", "jsonc-eslint-parser": "^2.4.0", "local-pkg": "^0.5.0", "parse-gitignore": "^2.0.0", "picocolors": "^1.0.1", "toml-eslint-parser": "^0.9.3", "vue-eslint-parser": "^9.4.2", "yaml-eslint-parser": "^1.2.2", "yargs": "^17.7.2" }, "peerDependencies": { "@eslint-react/eslint-plugin": "^1.5.8", "@prettier/plugin-xml": "^3.4.1", "@unocss/eslint-plugin": ">=0.50.0", "astro-eslint-parser": "^0.16.3", "eslint": ">=8.40.0", "eslint-plugin-astro": "^0.31.4", "eslint-plugin-format": ">=0.1.0", "eslint-plugin-react-hooks": "^4.6.0", "eslint-plugin-react-refresh": "^0.4.4", "eslint-plugin-solid": "^0.13.2", "eslint-plugin-svelte": ">=2.35.1", "prettier-plugin-astro": "^0.13.0", "prettier-plugin-slidev": "^1.0.5", "svelte-eslint-parser": "^0.33.1" }, "optionalPeers": ["@eslint-react/eslint-plugin", "@prettier/plugin-xml", "@unocss/eslint-plugin", "astro-eslint-parser", "eslint-plugin-astro", "eslint-plugin-format", "eslint-plugin-react-hooks", "eslint-plugin-react-refresh", "eslint-plugin-solid", "eslint-plugin-svelte", "prettier-plugin-astro", "prettier-plugin-slidev", "svelte-eslint-parser"], "bin": { "eslint-config": "bin/index.js" } }, ""],

    "@antfu/install-pkg": ["@antfu/install-pkg@0.3.3", "", { "dependencies": { "@jsdevtools/ez-spawn": "^3.0.4" } }, ""],

    "@antfu/utils": ["@antfu/utils@0.7.8", "", {}, ""],

    "@babel/code-frame": ["@babel/code-frame@7.24.2", "", { "dependencies": { "@babel/highlight": "^7.24.2", "picocolors": "^1.0.0" } }, ""],

    "@babel/helper-validator-identifier": ["@babel/helper-validator-identifier@7.24.5", "", {}, ""],

    "@babel/highlight": ["@babel/highlight@7.24.5", "", { "dependencies": { "@babel/helper-validator-identifier": "^7.24.5", "chalk": "^2.4.2", "js-tokens": "^4.0.0", "picocolors": "^1.0.0" } }, ""],

    "@babel/parser": ["@babel/parser@7.24.5", "", { "bin": { "parser": "bin/babel-parser.js" } }, ""],

    "@clack/core": ["@clack/core@0.3.4", "", { "dependencies": { "picocolors": "^1.0.0", "sisteransi": "^1.0.5" } }, ""],

    "@clack/prompts": ["@clack/prompts@0.7.0", "", { "dependencies": { "@clack/core": "^0.3.3", "picocolors": "^1.0.0", "sisteransi": "^1.0.5" } }, ""],

    "@es-joy/jsdoccomment": ["@es-joy/jsdoccomment@0.43.0", "", { "dependencies": { "@types/eslint": "^8.56.5", "@types/estree": "^1.0.5", "@typescript-eslint/types": "^7.2.0", "comment-parser": "1.4.1", "esquery": "^1.5.0", "jsdoc-type-pratt-parser": "~4.0.0" } }, ""],

    "@eslint-community/eslint-utils": ["@eslint-community/eslint-utils@4.4.0", "", { "dependencies": { "eslint-visitor-keys": "^3.3.0" }, "peerDependencies": { "eslint": "^6.0.0 || ^7.0.0 || >=8.0.0" } }, ""],

    "@eslint-community/regexpp": ["@eslint-community/regexpp@4.10.0", "", {}, ""],

    "@eslint/eslintrc": ["@eslint/eslintrc@2.1.4", "", { "dependencies": { "ajv": "^6.12.4", "debug": "^4.3.2", "espree": "^9.6.0", "globals": "^13.19.0", "ignore": "^5.2.0", "import-fresh": "^3.2.1", "js-yaml": "^4.1.0", "minimatch": "^3.1.2", "strip-json-comments": "^3.1.1" } }, "sha512-269Z39MS6wVJtsoUl10L60WdkhJVdPG24Q4eZTH3nnF6lpvSShEK3wQjDX9JRWAUPvPh7COouPpU9IrqaZFvtQ=="],

    "@eslint/js": ["@eslint/js@8.57.0", "", {}, "sha512-Ys+3g2TaW7gADOJzPt83SJtCDhMjndcDMFVQ/Tj9iA1BfJzFKD9mAUXT3OenpuPHbI6P/myECxRJrofUsDx/5g=="],

    "@humanwhocodes/config-array": ["@humanwhocodes/config-array@0.11.14", "", { "dependencies": { "@humanwhocodes/object-schema": "^2.0.2", "debug": "^4.3.1", "minimatch": "^3.0.5" } }, "sha512-3T8LkOmg45BV5FICb15QQMsyUSWrQ8AygVfC7ZG32zOalnqrilm018ZVCw0eapXux8FtA33q8PSRSstjee3jSg=="],

    "@humanwhocodes/module-importer": ["@humanwhocodes/module-importer@1.0.1", "", {}, ""],

    "@humanwhocodes/object-schema": ["@humanwhocodes/object-schema@2.0.3", "", {}, "sha512-93zYdMES/c1D69yZiKDBj0V24vqNzB/koF26KPaagAfd3P/4gUlh3Dys5ogAK+Exi9QyzlD8x/08Zt7wIKcDcA=="],

    "@jridgewell/sourcemap-codec": ["@jridgewell/sourcemap-codec@1.4.15", "", {}, ""],

    "@jsdevtools/ez-spawn": ["@jsdevtools/ez-spawn@3.0.4", "", { "dependencies": { "call-me-maybe": "^1.0.1", "cross-spawn": "^7.0.3", "string-argv": "^0.3.1", "type-detect": "^4.0.8" } }, ""],

    "@nodelib/fs.scandir": ["@nodelib/fs.scandir@2.1.5", "", { "dependencies": { "@nodelib/fs.stat": "2.0.5", "run-parallel": "^1.1.9" } }, ""],

    "@nodelib/fs.stat": ["@nodelib/fs.stat@2.0.5", "", {}, ""],

    "@nodelib/fs.walk": ["@nodelib/fs.walk@1.2.8", "", { "dependencies": { "@nodelib/fs.scandir": "2.1.5", "fastq": "^1.6.0" } }, ""],

    "@stylistic/eslint-plugin": ["@stylistic/eslint-plugin@2.1.0", "", { "dependencies": { "@stylistic/eslint-plugin-js": "2.1.0", "@stylistic/eslint-plugin-jsx": "2.1.0", "@stylistic/eslint-plugin-plus": "2.1.0", "@stylistic/eslint-plugin-ts": "2.1.0", "@types/eslint": "^8.56.10" }, "peerDependencies": { "eslint": ">=8.40.0" } }, ""],

    "@stylistic/eslint-plugin-js": ["@stylistic/eslint-plugin-js@2.1.0", "", { "dependencies": { "@types/eslint": "^8.56.10", "acorn": "^8.11.3", "eslint-visitor-keys": "^4.0.0", "espree": "^10.0.1" }, "peerDependencies": { "eslint": ">=8.40.0" } }, ""],

    "@stylistic/eslint-plugin-jsx": ["@stylistic/eslint-plugin-jsx@2.1.0", "", { "dependencies": { "@stylistic/eslint-plugin-js": "^2.1.0", "@types/eslint": "^8.56.10", "estraverse": "^5.3.0", "picomatch": "^4.0.2" }, "peerDependencies": { "eslint": ">=8.40.0" } }, ""],

    "@stylistic/eslint-plugin-plus": ["@stylistic/eslint-plugin-plus@2.1.0", "", { "dependencies": { "@types/eslint": "^8.56.10", "@typescript-eslint/utils": "^7.8.0" }, "peerDependencies": { "eslint": "*" } }, ""],

    "@stylistic/eslint-plugin-ts": ["@stylistic/eslint-plugin-ts@2.1.0", "", { "dependencies": { "@stylistic/eslint-plugin-js": "2.1.0", "@types/eslint": "^8.56.10", "@typescript-eslint/utils": "^7.8.0" }, "peerDependencies": { "eslint": ">=8.40.0" } }, ""],

    "@types/eslint": ["@types/eslint@8.56.10", "", { "dependencies": { "@types/estree": "*", "@types/json-schema": "*" } }, ""],

    "@types/estree": ["@types/estree@1.0.5", "", {}, ""],

    "@types/json-schema": ["@types/json-schema@7.0.15", "", {}, ""],

    "@types/mdast": ["@types/mdast@3.0.15", "", { "dependencies": { "@types/unist": "^2" } }, ""],

    "@types/normalize-package-data": ["@types/normalize-package-data@2.4.4", "", {}, ""],

    "@types/unist": ["@types/unist@2.0.10", "", {}, ""],

    "@typescript-eslint/eslint-plugin": ["@typescript-eslint/eslint-plugin@7.9.0", "", { "dependencies": { "@eslint-community/regexpp": "^4.10.0", "@typescript-eslint/scope-manager": "7.9.0", "@typescript-eslint/type-utils": "7.9.0", "@typescript-eslint/utils": "7.9.0", "@typescript-eslint/visitor-keys": "7.9.0", "graphemer": "^1.4.0", "ignore": "^5.3.1", "natural-compare": "^1.4.0", "ts-api-utils": "^1.3.0" }, "peerDependencies": { "@typescript-eslint/parser": "^7.0.0", "eslint": "^8.56.0" } }, ""],

    "@typescript-eslint/parser": ["@typescript-eslint/parser@7.9.0", "", { "dependencies": { "@typescript-eslint/scope-manager": "7.9.0", "@typescript-eslint/types": "7.9.0", "@typescript-eslint/typescript-estree": "7.9.0", "@typescript-eslint/visitor-keys": "7.9.0", "debug": "^4.3.4" }, "peerDependencies": { "eslint": "^8.56.0" } }, ""],

    "@typescript-eslint/scope-manager": ["@typescript-eslint/scope-manager@7.9.0", "", { "dependencies": { "@typescript-eslint/types": "7.9.0", "@typescript-eslint/visitor-keys": "7.9.0" } }, ""],

    "@typescript-eslint/type-utils": ["@typescript-eslint/type-utils@7.9.0", "", { "dependencies": { "@typescript-eslint/typescript-estree": "7.9.0", "@typescript-eslint/utils": "7.9.0", "debug": "^4.3.4", "ts-api-utils": "^1.3.0" }, "peerDependencies": { "eslint": "^8.56.0" } }, ""],

    "@typescript-eslint/types": ["@typescript-eslint/types@7.9.0", "", {}, ""],

    "@typescript-eslint/typescript-estree": ["@typescript-eslint/typescript-estree@7.9.0", "", { "dependencies": { "@typescript-eslint/types": "7.9.0", "@typescript-eslint/visitor-keys": "7.9.0", "debug": "^4.3.4", "globby": "^11.1.0", "is-glob": "^4.0.3", "minimatch": "^9.0.4", "semver": "^7.6.0", "ts-api-utils": "^1.3.0" } }, ""],

    "@typescript-eslint/utils": ["@typescript-eslint/utils@7.9.0", "", { "dependencies": { "@eslint-community/eslint-utils": "^4.4.0", "@typescript-eslint/scope-manager": "7.9.0", "@typescript-eslint/types": "7.9.0", "@typescript-eslint/typescript-estree": "7.9.0" }, "peerDependencies": { "eslint": "^8.56.0" } }, ""],

    "@typescript-eslint/visitor-keys": ["@typescript-eslint/visitor-keys@7.9.0", "", { "dependencies": { "@typescript-eslint/types": "7.9.0", "eslint-visitor-keys": "^3.4.3" } }, ""],

    "@ungap/structured-clone": ["@ungap/structured-clone@1.2.0", "", {}, "sha512-zuVdFrMJiuCDQUMCzQaD6KL28MjnqqN8XnAqiEq9PNm/hCPTSGfrXCOfwj1ow4LFb/tNymJPwsNbVePc1xFqrQ=="],

    "@vue/compiler-core": ["@vue/compiler-core@3.4.27", "", { "dependencies": { "@babel/parser": "^7.24.4", "@vue/shared": "3.4.27", "entities": "^4.5.0", "estree-walker": "^2.0.2", "source-map-js": "^1.2.0" } }, ""],

    "@vue/compiler-dom": ["@vue/compiler-dom@3.4.27", "", { "dependencies": { "@vue/compiler-core": "3.4.27", "@vue/shared": "3.4.27" } }, ""],

    "@vue/compiler-sfc": ["@vue/compiler-sfc@3.4.27", "", { "dependencies": { "@babel/parser": "^7.24.4", "@vue/compiler-core": "3.4.27", "@vue/compiler-dom": "3.4.27", "@vue/compiler-ssr": "3.4.27", "@vue/shared": "3.4.27", "estree-walker": "^2.0.2", "magic-string": "^0.30.10", "postcss": "^8.4.38", "source-map-js": "^1.2.0" } }, ""],

    "@vue/compiler-ssr": ["@vue/compiler-ssr@3.4.27", "", { "dependencies": { "@vue/compiler-dom": "3.4.27", "@vue/shared": "3.4.27" } }, ""],

    "@vue/shared": ["@vue/shared@3.4.27", "", {}, ""],

    "acorn": ["acorn@8.11.3", "", { "bin": "bin/acorn" }, ""],

    "acorn-jsx": ["acorn-jsx@5.3.2", "", { "peerDependencies": { "acorn": "^6.0.0 || ^7.0.0 || ^8.0.0" } }, ""],

    "ajv": ["ajv@6.12.6", "", { "dependencies": { "fast-deep-equal": "^3.1.1", "fast-json-stable-stringify": "^2.0.0", "json-schema-traverse": "^0.4.1", "uri-js": "^4.2.2" } }, ""],

    "ansi-regex": ["ansi-regex@5.0.1", "", {}, ""],

    "ansi-styles": ["ansi-styles@4.3.0", "", { "dependencies": { "color-convert": "^2.0.1" } }, ""],

    "are-docs-informative": ["are-docs-informative@0.0.2", "", {}, ""],

    "argparse": ["argparse@2.0.1", "", {}, ""],

    "array-union": ["array-union@2.1.0", "", {}, ""],

    "balanced-match": ["balanced-match@1.0.2", "", {}, ""],

    "boolbase": ["boolbase@1.0.0", "", {}, ""],

    "brace-expansion": ["brace-expansion@1.1.11", "", { "dependencies": { "balanced-match": "^1.0.0", "concat-map": "0.0.1" } }, ""],

    "braces": ["braces@3.0.3", "", { "dependencies": { "fill-range": "^7.1.1" } }, "sha512-yQbXgO/OSZVD2IsiLlro+7Hf6Q18EJrKSEsdoMzKePKXct3gvD8oLcOQdIzGupr5Fj+EDe8gO/lxc1BzfMpxvA=="],

    "browserslist": ["browserslist@4.23.0", "", { "dependencies": { "caniuse-lite": "^1.0.30001587", "electron-to-chromium": "^1.4.668", "node-releases": "^2.0.14", "update-browserslist-db": "^1.0.13" }, "bin": "cli.js" }, ""],

    "bson": ["bson@6.7.0", "", {}, "sha512-w2IquM5mYzYZv6rs3uN2DZTOBe2a0zXLj53TGDqwF4l6Sz/XsISrisXOJihArF9+BZ6Cq/GjVht7Sjfmri7ytQ=="],

    "builtin-modules": ["builtin-modules@3.3.0", "", {}, ""],

    "call-me-maybe": ["call-me-maybe@1.0.2", "", {}, ""],

    "callsites": ["callsites@3.1.0", "", {}, ""],

    "caniuse-lite": ["caniuse-lite@1.0.30001620", "", {}, ""],

    "chalk": ["chalk@4.1.2", "", { "dependencies": { "ansi-styles": "^4.1.0", "supports-color": "^7.1.0" } }, ""],

    "character-entities": ["character-entities@1.2.4", "", {}, ""],

    "character-entities-legacy": ["character-entities-legacy@1.1.4", "", {}, ""],

    "character-reference-invalid": ["character-reference-invalid@1.1.4", "", {}, ""],

    "ci-info": ["ci-info@4.0.0", "", {}, ""],

    "clean-regexp": ["clean-regexp@1.0.0", "", { "dependencies": { "escape-string-regexp": "^1.0.5" } }, ""],

    "cliui": ["cliui@8.0.1", "", { "dependencies": { "string-width": "^4.2.0", "strip-ansi": "^6.0.1", "wrap-ansi": "^7.0.0" } }, ""],

    "color-convert": ["color-convert@2.0.1", "", { "dependencies": { "color-name": "~1.1.4" } }, ""],

    "color-name": ["color-name@1.1.4", "", {}, ""],

    "comment-parser": ["comment-parser@1.4.1", "", {}, ""],

    "concat-map": ["concat-map@0.0.1", "", {}, ""],

    "confbox": ["confbox@0.1.7", "", {}, ""],

    "core-js-compat": ["core-js-compat@3.37.1", "", { "dependencies": { "browserslist": "^4.23.0" } }, ""],

    "cross-spawn": ["cross-spawn@7.0.6", "", { "dependencies": { "path-key": "^3.1.0", "shebang-command": "^2.0.0", "which": "^2.0.1" } }, "sha512-uV2QOWP2nWzsy2aMp8aRibhi9dlzF5Hgh5SHaB9OiTGEyDTiJJyx0uy51QXdyWbtAHNua4XJzUKca3OzKUd3vA=="],

    "cssesc": ["cssesc@3.0.0", "", { "bin": "bin/cssesc" }, ""],

    "debug": ["debug@4.3.4", "", { "dependencies": { "ms": "2.1.2" } }, ""],

    "deep-is": ["deep-is@0.1.4", "", {}, ""],

    "dir-glob": ["dir-glob@3.0.1", "", { "dependencies": { "path-type": "^4.0.0" } }, ""],

    "doctrine": ["doctrine@3.0.0", "", { "dependencies": { "esutils": "^2.0.2" } }, ""],

    "electron-to-chromium": ["electron-to-chromium@1.4.774", "", {}, ""],

    "emoji-regex": ["emoji-regex@8.0.0", "", {}, ""],

    "enhanced-resolve": ["enhanced-resolve@5.16.1", "", { "dependencies": { "graceful-fs": "^4.2.4", "tapable": "^2.2.0" } }, ""],

    "entities": ["entities@4.5.0", "", {}, ""],

    "error-ex": ["error-ex@1.3.2", "", { "dependencies": { "is-arrayish": "^0.2.1" } }, ""],

    "escalade": ["escalade@3.1.2", "", {}, ""],

    "escape-string-regexp": ["escape-string-regexp@4.0.0", "", {}, ""],

    "eslint": ["eslint@8.57.0", "", { "dependencies": { "@eslint-community/eslint-utils": "^4.2.0", "@eslint-community/regexpp": "^4.6.1", "@eslint/eslintrc": "^2.1.4", "@eslint/js": "8.57.0", "@humanwhocodes/config-array": "^0.11.14", "@humanwhocodes/module-importer": "^1.0.1", "@nodelib/fs.walk": "^1.2.8", "@ungap/structured-clone": "^1.2.0", "ajv": "^6.12.4", "chalk": "^4.0.0", "cross-spawn": "^7.0.2", "debug": "^4.3.2", "doctrine": "^3.0.0", "escape-string-regexp": "^4.0.0", "eslint-scope": "^7.2.2", "eslint-visitor-keys": "^3.4.3", "espree": "^9.6.1", "esquery": "^1.4.2", "esutils": "^2.0.2", "fast-deep-equal": "^3.1.3", "file-entry-cache": "^6.0.1", "find-up": "^5.0.0", "glob-parent": "^6.0.2", "globals": "^13.19.0", "graphemer": "^1.4.0", "ignore": "^5.2.0", "imurmurhash": "^0.1.4", "is-glob": "^4.0.0", "is-path-inside": "^3.0.3", "js-yaml": "^4.1.0", "json-stable-stringify-without-jsonify": "^1.0.1", "levn": "^0.4.1", "lodash.merge": "^4.6.2", "minimatch": "^3.1.2", "natural-compare": "^1.4.0", "optionator": "^0.9.3", "strip-ansi": "^6.0.1", "text-table": "^0.2.0" }, "bin": "bin/eslint.js" }, "sha512-dZ6+mexnaTIbSBZWgou51U6OmzIhYM2VcNdtiTtI7qPNZm35Akpr0f6vtw3w1Kmn5PYo+tZVfh13WrhpS6oLqQ=="],

    "eslint-compat-utils": ["eslint-compat-utils@0.5.0", "", { "dependencies": { "semver": "^7.5.4" }, "peerDependencies": { "eslint": ">=6.0.0" } }, ""],

    "eslint-config-flat-gitignore": ["eslint-config-flat-gitignore@0.1.5", "", { "dependencies": { "find-up": "^7.0.0", "parse-gitignore": "^2.0.0" } }, ""],

    "eslint-flat-config-utils": ["eslint-flat-config-utils@0.2.5", "", { "dependencies": { "@types/eslint": "^8.56.10", "pathe": "^1.1.2" } }, ""],

    "eslint-import-resolver-node": ["eslint-import-resolver-node@0.3.9", "", { "dependencies": { "debug": "^3.2.7", "is-core-module": "^2.13.0", "resolve": "^1.22.4" } }, ""],

    "eslint-merge-processors": ["eslint-merge-processors@0.1.0", "", { "peerDependencies": { "eslint": "*" } }, ""],

    "eslint-plugin-antfu": ["eslint-plugin-antfu@2.2.0", "", { "dependencies": { "@antfu/utils": "^0.7.8" }, "peerDependencies": { "eslint": "*" } }, ""],

    "eslint-plugin-command": ["eslint-plugin-command@0.2.3", "", { "dependencies": { "@es-joy/jsdoccomment": "^0.43.0" }, "peerDependencies": { "eslint": "*" } }, ""],

    "eslint-plugin-es-x": ["eslint-plugin-es-x@7.6.0", "", { "dependencies": { "@eslint-community/eslint-utils": "^4.1.2", "@eslint-community/regexpp": "^4.6.0", "eslint-compat-utils": "^0.5.0" }, "peerDependencies": { "eslint": ">=8" } }, ""],

    "eslint-plugin-eslint-comments": ["eslint-plugin-eslint-comments@3.2.0", "", { "dependencies": { "escape-string-regexp": "^1.0.5", "ignore": "^5.0.5" }, "peerDependencies": { "eslint": ">=4.19.1" } }, ""],

    "eslint-plugin-import-x": ["eslint-plugin-import-x@0.5.0", "", { "dependencies": { "@typescript-eslint/utils": "^7.4.0", "debug": "^4.3.4", "doctrine": "^3.0.0", "eslint-import-resolver-node": "^0.3.9", "get-tsconfig": "^4.7.3", "is-glob": "^4.0.3", "minimatch": "^9.0.3", "semver": "^7.6.0" }, "peerDependencies": { "eslint": "^8.56.0 || ^9.0.0-0" } }, ""],

    "eslint-plugin-jsdoc": ["eslint-plugin-jsdoc@48.2.5", "", { "dependencies": { "@es-joy/jsdoccomment": "~0.43.0", "are-docs-informative": "^0.0.2", "comment-parser": "1.4.1", "debug": "^4.3.4", "escape-string-regexp": "^4.0.0", "esquery": "^1.5.0", "is-builtin-module": "^3.2.1", "semver": "^7.6.1", "spdx-expression-parse": "^4.0.0" }, "peerDependencies": { "eslint": "^7.0.0 || ^8.0.0 || ^9.0.0" } }, ""],

    "eslint-plugin-jsonc": ["eslint-plugin-jsonc@2.15.1", "", { "dependencies": { "@eslint-community/eslint-utils": "^4.2.0", "eslint-compat-utils": "^0.5.0", "espree": "^9.6.1", "graphemer": "^1.4.0", "jsonc-eslint-parser": "^2.0.4", "natural-compare": "^1.4.0", "synckit": "^0.6.0" }, "peerDependencies": { "eslint": ">=6.0.0" } }, ""],

    "eslint-plugin-markdown": ["eslint-plugin-markdown@5.0.0", "", { "dependencies": { "mdast-util-from-markdown": "^0.8.5" }, "peerDependencies": { "eslint": ">=8" } }, ""],

    "eslint-plugin-n": ["eslint-plugin-n@17.7.0", "", { "dependencies": { "@eslint-community/eslint-utils": "^4.4.0", "enhanced-resolve": "^5.15.0", "eslint-plugin-es-x": "^7.5.0", "get-tsconfig": "^4.7.0", "globals": "^15.0.0", "ignore": "^5.2.4", "minimatch": "^9.0.0", "semver": "^7.5.3" }, "peerDependencies": { "eslint": ">=8.23.0" } }, ""],

    "eslint-plugin-no-only-tests": ["eslint-plugin-no-only-tests@3.1.0", "", {}, ""],

    "eslint-plugin-perfectionist": ["eslint-plugin-perfectionist@2.10.0", "", { "dependencies": { "@typescript-eslint/utils": "^6.13.0 || ^7.0.0", "minimatch": "^9.0.3", "natural-compare-lite": "^1.4.0" }, "peerDependencies": { "astro-eslint-parser": "^0.16.0", "eslint": ">=8.0.0", "svelte": ">=3.0.0", "svelte-eslint-parser": "^0.33.0", "vue-eslint-parser": ">=9.0.0" }, "optionalPeers": ["astro-eslint-parser", "svelte", "svelte-eslint-parser"] }, ""],

    "eslint-plugin-regexp": ["eslint-plugin-regexp@2.5.0", "", { "dependencies": { "@eslint-community/eslint-utils": "^4.2.0", "@eslint-community/regexpp": "^4.9.1", "comment-parser": "^1.4.0", "jsdoc-type-pratt-parser": "^4.0.0", "refa": "^0.12.1", "regexp-ast-analysis": "^0.7.1", "scslre": "^0.3.0" }, "peerDependencies": { "eslint": ">=8.44.0" } }, ""],

    "eslint-plugin-toml": ["eslint-plugin-toml@0.11.0", "", { "dependencies": { "debug": "^4.1.1", "eslint-compat-utils": "^0.5.0", "lodash": "^4.17.19", "toml-eslint-parser": "^0.9.0" }, "peerDependencies": { "eslint": ">=6.0.0" } }, ""],

    "eslint-plugin-unicorn": ["eslint-plugin-unicorn@53.0.0", "", { "dependencies": { "@babel/helper-validator-identifier": "^7.24.5", "@eslint-community/eslint-utils": "^4.4.0", "@eslint/eslintrc": "^3.0.2", "ci-info": "^4.0.0", "clean-regexp": "^1.0.0", "core-js-compat": "^3.37.0", "esquery": "^1.5.0", "indent-string": "^4.0.0", "is-builtin-module": "^3.2.1", "jsesc": "^3.0.2", "pluralize": "^8.0.0", "read-pkg-up": "^7.0.1", "regexp-tree": "^0.1.27", "regjsparser": "^0.10.0", "semver": "^7.6.1", "strip-indent": "^3.0.0" }, "peerDependencies": { "eslint": ">=8.56.0" } }, ""],

    "eslint-plugin-unused-imports": ["eslint-plugin-unused-imports@3.2.0", "", { "dependencies": { "eslint-rule-composer": "^0.3.0" }, "peerDependencies": { "@typescript-eslint/eslint-plugin": "6 - 7", "eslint": "8" } }, ""],

    "eslint-plugin-vitest": ["eslint-plugin-vitest@0.5.4", "", { "dependencies": { "@typescript-eslint/utils": "^7.7.1" }, "peerDependencies": { "eslint": "^8.57.0 || ^9.0.0", "vitest": "*" }, "optionalPeers": ["vitest"] }, ""],

    "eslint-plugin-vue": ["eslint-plugin-vue@9.26.0", "", { "dependencies": { "@eslint-community/eslint-utils": "^4.4.0", "globals": "^13.24.0", "natural-compare": "^1.4.0", "nth-check": "^2.1.1", "postcss-selector-parser": "^6.0.15", "semver": "^7.6.0", "vue-eslint-parser": "^9.4.2", "xml-name-validator": "^4.0.0" }, "peerDependencies": { "eslint": "^6.2.0 || ^7.0.0 || ^8.0.0 || ^9.0.0" } }, ""],

    "eslint-plugin-yml": ["eslint-plugin-yml@1.14.0", "", { "dependencies": { "debug": "^4.3.2", "eslint-compat-utils": "^0.5.0", "lodash": "^4.17.21", "natural-compare": "^1.4.0", "yaml-eslint-parser": "^1.2.1" }, "peerDependencies": { "eslint": ">=6.0.0" } }, ""],

    "eslint-processor-vue-blocks": ["eslint-processor-vue-blocks@0.1.2", "", { "peerDependencies": { "@vue/compiler-sfc": "^3.3.0", "eslint": "^8.50.0 || ^9.0.0" } }, ""],

    "eslint-rule-composer": ["eslint-rule-composer@0.3.0", "", {}, ""],

    "eslint-scope": ["eslint-scope@7.2.2", "", { "dependencies": { "esrecurse": "^4.3.0", "estraverse": "^5.2.0" } }, "sha512-dOt21O7lTMhDM+X9mB4GX+DZrZtCUJPL/wlcTqxyrx5IvO0IYtILdtrQGQp+8n5S0gwSVmOf9NQrjMOgfQZlIg=="],

    "eslint-visitor-keys": ["eslint-visitor-keys@3.4.3", "", {}, "sha512-wpc+LXeiyiisxPlEkUzU6svyS1frIO3Mgxj1fdy7Pm8Ygzguax2N3Fa/D/ag1WqbOprdI+uY6wMUl8/a2G+iag=="],

    "espree": ["espree@9.6.1", "", { "dependencies": { "acorn": "^8.9.0", "acorn-jsx": "^5.3.2", "eslint-visitor-keys": "^3.4.1" } }, "sha512-oruZaFkjorTpF32kDSI5/75ViwGeZginGGy2NoOSg3Q9bnwlnmDm4HLnkl0RE3n+njDXR037aY1+x58Z/zFdwQ=="],

    "esquery": ["esquery@1.5.0", "", { "dependencies": { "estraverse": "^5.1.0" } }, ""],

    "esrecurse": ["esrecurse@4.3.0", "", { "dependencies": { "estraverse": "^5.2.0" } }, ""],

    "estraverse": ["estraverse@5.3.0", "", {}, ""],

    "estree-walker": ["estree-walker@2.0.2", "", {}, ""],

    "esutils": ["esutils@2.0.3", "", {}, ""],

    "fast-deep-equal": ["fast-deep-equal@3.1.3", "", {}, ""],

    "fast-glob": ["fast-glob@3.3.2", "", { "dependencies": { "@nodelib/fs.stat": "^2.0.2", "@nodelib/fs.walk": "^1.2.3", "glob-parent": "^5.1.2", "merge2": "^1.3.0", "micromatch": "^4.0.4" } }, ""],

    "fast-json-stable-stringify": ["fast-json-stable-stringify@2.1.0", "", {}, ""],

    "fast-levenshtein": ["fast-levenshtein@2.0.6", "", {}, ""],

    "fastq": ["fastq@1.17.1", "", { "dependencies": { "reusify": "^1.0.4" } }, ""],

    "file-entry-cache": ["file-entry-cache@6.0.1", "", { "dependencies": { "flat-cache": "^3.0.4" } }, "sha512-7Gps/XWymbLk2QLYK4NzpMOrYjMhdIxXuIvy2QBsLE6ljuodKvdkWs/cpyJJ3CVIVpH0Oi1Hvg1ovbMzLdFBBg=="],

    "fill-range": ["fill-range@7.1.1", "", { "dependencies": { "to-regex-range": "^5.0.1" } }, "sha512-YsGpe3WHLK8ZYi4tWDg2Jy3ebRz2rXowDxnld4bkQB00cc/1Zw9AWnC0i9ztDJitivtQvaI9KaLyKrc+hBW0yg=="],

    "find-up": ["find-up@5.0.0", "", { "dependencies": { "locate-path": "^6.0.0", "path-exists": "^4.0.0" } }, ""],

    "flat-cache": ["flat-cache@3.2.0", "", { "dependencies": { "flatted": "^3.2.9", "keyv": "^4.5.3", "rimraf": "^3.0.2" } }, "sha512-CYcENa+FtcUKLmhhqyctpclsq7QF38pKjZHsGNiSQF5r4FtoKDWabFDl3hzaEQMvT1LHEysw5twgLvpYYb4vbw=="],

    "flatted": ["flatted@3.3.1", "", {}, "sha512-X8cqMLLie7KsNUDSdzeN8FYK9rEt4Dt67OsG/DNGnYTSDBG4uFAJFBnUeiV+zCVAvwFy56IjM9sH51jVaEhNxw=="],

    "fs.realpath": ["fs.realpath@1.0.0", "", {}, "sha512-OO0pH2lK6a0hZnAdau5ItzHPI6pUlvI7jMVnxUQRtw4owF2wk8lOSabtGDCTP4Ggrg2MbGnWO9X8K1t4+fGMDw=="],

    "function-bind": ["function-bind@1.1.2", "", {}, ""],

    "get-caller-file": ["get-caller-file@2.0.5", "", {}, ""],

    "get-tsconfig": ["get-tsconfig@4.7.5", "", { "dependencies": { "resolve-pkg-maps": "^1.0.0" } }, ""],

    "glob": ["glob@7.2.3", "", { "dependencies": { "fs.realpath": "^1.0.0", "inflight": "^1.0.4", "inherits": "2", "minimatch": "^3.1.1", "once": "^1.3.0", "path-is-absolute": "^1.0.0" } }, "sha512-nFR0zLpU2YCaRxwoCJvL6UvCH2JFyFVIvwTLsIf21AuHlMskA1hhTdk+LlYJtOlYt9v6dvszD2BGRqBL+iQK9Q=="],

    "glob-parent": ["glob-parent@6.0.2", "", { "dependencies": { "is-glob": "^4.0.3" } }, ""],

    "globals": ["globals@15.2.0", "", {}, ""],

    "globby": ["globby@11.1.0", "", { "dependencies": { "array-union": "^2.1.0", "dir-glob": "^3.0.1", "fast-glob": "^3.2.9", "ignore": "^5.2.0", "merge2": "^1.4.1", "slash": "^3.0.0" } }, ""],

    "graceful-fs": ["graceful-fs@4.2.11", "", {}, ""],

    "graphemer": ["graphemer@1.4.0", "", {}, ""],

    "has-flag": ["has-flag@4.0.0", "", {}, ""],

    "hasown": ["hasown@2.0.2", "", { "dependencies": { "function-bind": "^1.1.2" } }, ""],

    "hosted-git-info": ["hosted-git-info@2.8.9", "", {}, ""],

    "ignore": ["ignore@5.3.1", "", {}, ""],

    "import-fresh": ["import-fresh@3.3.0", "", { "dependencies": { "parent-module": "^1.0.0", "resolve-from": "^4.0.0" } }, ""],

    "imurmurhash": ["imurmurhash@0.1.4", "", {}, ""],

    "indent-string": ["indent-string@4.0.0", "", {}, ""],

    "inflight": ["inflight@1.0.6", "", { "dependencies": { "once": "^1.3.0", "wrappy": "1" } }, "sha512-k92I/b08q4wvFscXCLvqfsHCrjrF7yiXsQuIVvVE7N82W3+aqpzuUdBbfhWcy/FZR3/4IgflMgKLOsvPDrGCJA=="],

    "inherits": ["inherits@2.0.4", "", {}, "sha512-k/vGaX4/Yla3WzyMCvTQOXYeIHvqOKtnqBduzTHpzpQZzAskKMhZ2K+EnBiSM9zGSoIFeMpXKxa4dYeZIQqewQ=="],

    "is-alphabetical": ["is-alphabetical@1.0.4", "", {}, ""],

    "is-alphanumerical": ["is-alphanumerical@1.0.4", "", { "dependencies": { "is-alphabetical": "^1.0.0", "is-decimal": "^1.0.0" } }, ""],

    "is-arrayish": ["is-arrayish@0.2.1", "", {}, ""],

    "is-builtin-module": ["is-builtin-module@3.2.1", "", { "dependencies": { "builtin-modules": "^3.3.0" } }, ""],

    "is-core-module": ["is-core-module@2.13.1", "", { "dependencies": { "hasown": "^2.0.0" } }, ""],

    "is-decimal": ["is-decimal@1.0.4", "", {}, ""],

    "is-extglob": ["is-extglob@2.1.1", "", {}, ""],

    "is-fullwidth-code-point": ["is-fullwidth-code-point@3.0.0", "", {}, ""],

    "is-glob": ["is-glob@4.0.3", "", { "dependencies": { "is-extglob": "^2.1.1" } }, ""],

    "is-hexadecimal": ["is-hexadecimal@1.0.4", "", {}, ""],

    "is-number": ["is-number@7.0.0", "", {}, "sha512-41Cifkg6e8TylSpdtTpeLVMqvSBEVzTttHvERD741+pnZ8ANv0004MRL43QKPDlK9cGvNp6NZWZUBlbGXYxxng=="],

    "is-path-inside": ["is-path-inside@3.0.3", "", {}, ""],

    "isexe": ["isexe@2.0.0", "", {}, ""],

    "js-tokens": ["js-tokens@4.0.0", "", {}, ""],

    "js-yaml": ["js-yaml@4.1.0", "", { "dependencies": { "argparse": "^2.0.1" }, "bin": "bin/js-yaml.js" }, ""],

    "jsdoc-type-pratt-parser": ["jsdoc-type-pratt-parser@4.0.0", "", {}, ""],

    "jsesc": ["jsesc@3.0.2", "", { "bin": "bin/jsesc" }, ""],

    "json-buffer": ["json-buffer@3.0.1", "", {}, "sha512-4bV5BfR2mqfQTJm+V5tPPdf+ZpuhiIvTuAB5g8kcrXOZpTT/QwwVRWBywX1ozr6lEuPdbHxwaJlm9G6mI2sfSQ=="],

    "json-parse-even-better-errors": ["json-parse-even-better-errors@2.3.1", "", {}, ""],

    "json-schema-traverse": ["json-schema-traverse@0.4.1", "", {}, ""],

    "json-stable-stringify-without-jsonify": ["json-stable-stringify-without-jsonify@1.0.1", "", {}, ""],

    "jsonc-eslint-parser": ["jsonc-eslint-parser@2.4.0", "", { "dependencies": { "acorn": "^8.5.0", "eslint-visitor-keys": "^3.0.0", "espree": "^9.0.0", "semver": "^7.3.5" } }, ""],

    "keyv": ["keyv@4.5.4", "", { "dependencies": { "json-buffer": "3.0.1" } }, "sha512-oxVHkHR/EJf2CNXnWxRLW6mg7JyCCUcG0DtEGmL2ctUo1PNTin1PUil+r/+4r5MpVgC/fn1kjsx7mjSujKqIpw=="],

    "levn": ["levn@0.4.1", "", { "dependencies": { "prelude-ls": "^1.2.1", "type-check": "~0.4.0" } }, ""],

    "lines-and-columns": ["lines-and-columns@1.2.4", "", {}, ""],

    "local-pkg": ["local-pkg@0.5.0", "", { "dependencies": { "mlly": "^1.4.2", "pkg-types": "^1.0.3" } }, ""],

    "locate-path": ["locate-path@6.0.0", "", { "dependencies": { "p-locate": "^5.0.0" } }, ""],

    "lodash": ["lodash@4.17.21", "", {}, ""],

    "lodash.merge": ["lodash.merge@4.6.2", "", {}, ""],

    "magic-string": ["magic-string@0.30.10", "", { "dependencies": { "@jridgewell/sourcemap-codec": "^1.4.15" } }, ""],

    "mdast-util-from-markdown": ["mdast-util-from-markdown@0.8.5", "", { "dependencies": { "@types/mdast": "^3.0.0", "mdast-util-to-string": "^2.0.0", "micromark": "~2.11.0", "parse-entities": "^2.0.0", "unist-util-stringify-position": "^2.0.0" } }, ""],

    "mdast-util-to-string": ["mdast-util-to-string@2.0.0", "", {}, ""],

    "merge2": ["merge2@1.4.1", "", {}, ""],

    "micromark": ["micromark@2.11.4", "", { "dependencies": { "debug": "^4.0.0", "parse-entities": "^2.0.0" } }, ""],

    "micromatch": ["micromatch@4.0.8", "", { "dependencies": { "braces": "^3.0.3", "picomatch": "^2.3.1" } }, "sha512-PXwfBhYu0hBCPw8Dn0E+WDYb7af3dSLVWKi3HGv84IdF4TyFoC0ysxFd0Goxw7nSv4T/PzEJQxsYsEiFCKo2BA=="],

    "min-indent": ["min-indent@1.0.1", "", {}, ""],

    "minimatch": ["minimatch@3.1.2", "", { "dependencies": { "brace-expansion": "^1.1.7" } }, ""],

    "mlly": ["mlly@1.7.0", "", { "dependencies": { "acorn": "^8.11.3", "pathe": "^1.1.2", "pkg-types": "^1.1.0", "ufo": "^1.5.3" } }, ""],

    "ms": ["ms@2.1.2", "", {}, ""],

    "nanoid": ["nanoid@3.3.11", "", { "bin": "bin/nanoid.cjs" }, "sha512-N8SpfPUnUp1bK+PMYW8qSWdl9U+wwNWI4QKxOYDy9JAro3WMX7p2OeVRF9v+347pnakNevPmiHhNmZ2HbFA76w=="],

    "natural-compare": ["natural-compare@1.4.0", "", {}, ""],

    "natural-compare-lite": ["natural-compare-lite@1.4.0", "", {}, ""],

    "node-releases": ["node-releases@2.0.14", "", {}, ""],

    "normalize-package-data": ["normalize-package-data@2.5.0", "", { "dependencies": { "hosted-git-info": "^2.1.4", "resolve": "^1.10.0", "semver": "2 || 3 || 4 || 5", "validate-npm-package-license": "^3.0.1" } }, ""],

    "nth-check": ["nth-check@2.1.1", "", { "dependencies": { "boolbase": "^1.0.0" } }, ""],

    "once": ["once@1.4.0", "", { "dependencies": { "wrappy": "1" } }, "sha512-lNaJgI+2Q5URQBkccEKHTQOPaXdUxnZZElQTZY0MFUAuaEqe1E+Nyvgdz/aIyNi6Z9MzO5dv1H8n58/GELp3+w=="],

    "optionator": ["optionator@0.9.4", "", { "dependencies": { "deep-is": "^0.1.3", "fast-levenshtein": "^2.0.6", "levn": "^0.4.1", "prelude-ls": "^1.2.1", "type-check": "^0.4.0", "word-wrap": "^1.2.5" } }, ""],

    "p-limit": ["p-limit@3.1.0", "", { "dependencies": { "yocto-queue": "^0.1.0" } }, ""],

    "p-locate": ["p-locate@5.0.0", "", { "dependencies": { "p-limit": "^3.0.2" } }, ""],

    "p-try": ["p-try@2.2.0", "", {}, ""],

    "parent-module": ["parent-module@1.0.1", "", { "dependencies": { "callsites": "^3.0.0" } }, ""],

    "parse-entities": ["parse-entities@2.0.0", "", { "dependencies": { "character-entities": "^1.0.0", "character-entities-legacy": "^1.0.0", "character-reference-invalid": "^1.0.0", "is-alphanumerical": "^1.0.0", "is-decimal": "^1.0.0", "is-hexadecimal": "^1.0.0" } }, ""],

    "parse-gitignore": ["parse-gitignore@2.0.0", "", {}, ""],

    "parse-json": ["parse-json@5.2.0", "", { "dependencies": { "@babel/code-frame": "^7.0.0", "error-ex": "^1.3.1", "json-parse-even-better-errors": "^2.3.0", "lines-and-columns": "^1.1.6" } }, ""],

    "path-exists": ["path-exists@4.0.0", "", {}, ""],

    "path-is-absolute": ["path-is-absolute@1.0.1", "", {}, "sha512-AVbw3UJ2e9bq64vSaS9Am0fje1Pa8pbGqTTsmXfaIiMpnr5DlDhfJOuLj9Sf95ZPVDAUerDfEk88MPmPe7UCQg=="],

    "path-key": ["path-key@3.1.1", "", {}, ""],

    "path-parse": ["path-parse@1.0.7", "", {}, ""],

    "path-type": ["path-type@4.0.0", "", {}, ""],

    "pathe": ["pathe@1.1.2", "", {}, ""],

    "picocolors": ["picocolors@1.0.1", "", {}, ""],

    "picomatch": ["picomatch@4.0.2", "", {}, ""],

    "pkg-types": ["pkg-types@1.1.1", "", { "dependencies": { "confbox": "^0.1.7", "mlly": "^1.7.0", "pathe": "^1.1.2" } }, ""],

    "pluralize": ["pluralize@8.0.0", "", {}, ""],

    "postcss": ["postcss@8.4.38", "", { "dependencies": { "nanoid": "^3.3.7", "picocolors": "^1.0.0", "source-map-js": "^1.2.0" } }, ""],

    "postcss-selector-parser": ["postcss-selector-parser@6.0.16", "", { "dependencies": { "cssesc": "^3.0.0", "util-deprecate": "^1.0.2" } }, ""],

    "prelude-ls": ["prelude-ls@1.2.1", "", {}, ""],

    "punycode": ["punycode@2.3.1", "", {}, ""],

    "queue-microtask": ["queue-microtask@1.2.3", "", {}, ""],

    "read-pkg": ["read-pkg@5.2.0", "", { "dependencies": { "@types/normalize-package-data": "^2.4.0", "normalize-package-data": "^2.5.0", "parse-json": "^5.0.0", "type-fest": "^0.6.0" } }, ""],

    "read-pkg-up": ["read-pkg-up@7.0.1", "", { "dependencies": { "find-up": "^4.1.0", "read-pkg": "^5.2.0", "type-fest": "^0.8.1" } }, ""],

    "refa": ["refa@0.12.1", "", { "dependencies": { "@eslint-community/regexpp": "^4.8.0" } }, ""],

    "regexp-ast-analysis": ["regexp-ast-analysis@0.7.1", "", { "dependencies": { "@eslint-community/regexpp": "^4.8.0", "refa": "^0.12.1" } }, ""],

    "regexp-tree": ["regexp-tree@0.1.27", "", { "bin": "bin/regexp-tree" }, ""],

    "regjsparser": ["regjsparser@0.10.0", "", { "dependencies": { "jsesc": "~0.5.0" }, "bin": "bin/parser" }, ""],

    "require-directory": ["require-directory@2.1.1", "", {}, ""],

    "resolve": ["resolve@1.22.8", "", { "dependencies": { "is-core-module": "^2.13.0", "path-parse": "^1.0.7", "supports-preserve-symlinks-flag": "^1.0.0" }, "bin": "bin/resolve" }, ""],

    "resolve-from": ["resolve-from@4.0.0", "", {}, ""],

    "resolve-pkg-maps": ["resolve-pkg-maps@1.0.0", "", {}, ""],

    "reusify": ["reusify@1.0.4", "", {}, ""],

    "rimraf": ["rimraf@3.0.2", "", { "dependencies": { "glob": "^7.1.3" }, "bin": "bin.js" }, "sha512-JZkJMZkAGFFPP2YqXZXPbMlMBgsxzE8ILs4lMIX/2o0L9UBw9O/Y3o6wFw/i9YLapcUJWwqbi3kdxIPdC62TIA=="],

    "run-parallel": ["run-parallel@1.2.0", "", { "dependencies": { "queue-microtask": "^1.2.2" } }, ""],

    "scslre": ["scslre@0.3.0", "", { "dependencies": { "@eslint-community/regexpp": "^4.8.0", "refa": "^0.12.0", "regexp-ast-analysis": "^0.7.0" } }, ""],

    "semver": ["semver@7.6.2", "", { "bin": "bin/semver.js" }, ""],

    "shebang-command": ["shebang-command@2.0.0", "", { "dependencies": { "shebang-regex": "^3.0.0" } }, ""],

    "shebang-regex": ["shebang-regex@3.0.0", "", {}, ""],

    "sisteransi": ["sisteransi@1.0.5", "", {}, ""],

    "slash": ["slash@3.0.0", "", {}, ""],

    "source-map-js": ["source-map-js@1.2.0", "", {}, ""],

    "spdx-correct": ["spdx-correct@3.2.0", "", { "dependencies": { "spdx-expression-parse": "^3.0.0", "spdx-license-ids": "^3.0.0" } }, ""],

    "spdx-exceptions": ["spdx-exceptions@2.5.0", "", {}, ""],

    "spdx-expression-parse": ["spdx-expression-parse@4.0.0", "", { "dependencies": { "spdx-exceptions": "^2.1.0", "spdx-license-ids": "^3.0.0" } }, ""],

    "spdx-license-ids": ["spdx-license-ids@3.0.17", "", {}, ""],

    "string-argv": ["string-argv@0.3.2", "", {}, ""],

    "string-width": ["string-width@4.2.3", "", { "dependencies": { "emoji-regex": "^8.0.0", "is-fullwidth-code-point": "^3.0.0", "strip-ansi": "^6.0.1" } }, ""],

    "strip-ansi": ["strip-ansi@6.0.1", "", { "dependencies": { "ansi-regex": "^5.0.1" } }, ""],

    "strip-indent": ["strip-indent@3.0.0", "", { "dependencies": { "min-indent": "^1.0.0" } }, ""],

    "strip-json-comments": ["strip-json-comments@3.1.1", "", {}, ""],

    "supports-color": ["supports-color@7.2.0", "", { "dependencies": { "has-flag": "^4.0.0" } }, ""],

    "supports-preserve-symlinks-flag": ["supports-preserve-symlinks-flag@1.0.0", "", {}, ""],

    "synckit": ["synckit@0.6.2", "", { "dependencies": { "tslib": "^2.3.1" } }, ""],

    "tapable": ["tapable@2.2.1", "", {}, ""],

    "text-table": ["text-table@0.2.0", "", {}, ""],

    "to-regex-range": ["to-regex-range@5.0.1", "", { "dependencies": { "is-number": "^7.0.0" } }, "sha512-65P7iz6X5yEr1cwcgvQxbbIw7Uk3gOy5dIdtZ4rDveLqhrdJP+Li/Hx6tyK0NEb+2GCyneCMJiGqrADCSNk8sQ=="],

    "toml-eslint-parser": ["toml-eslint-parser@0.9.3", "", { "dependencies": { "eslint-visitor-keys": "^3.0.0" } }, ""],

    "ts-api-utils": ["ts-api-utils@1.3.0", "", { "peerDependencies": { "typescript": ">=4.2.0" } }, ""],

    "ts-interface-checker": ["ts-interface-checker@1.0.2", "", {}, ""],

    "tslib": ["tslib@2.6.2", "", {}, ""],

    "type-check": ["type-check@0.4.0", "", { "dependencies": { "prelude-ls": "^1.2.1" } }, ""],

    "type-detect": ["type-detect@4.0.8", "", {}, ""],

    "type-fest": ["type-fest@0.20.2", "", {}, "sha512-Ne+eE4r0/iWnpAxD852z3A+N0Bt5RN//NjJwRd2VFHEmrywxf5vsZlh4R6lixl6B+wz/8d+maTSAkN1FIkI3LQ=="],

    "typescript": ["typescript@5.4.5", "", { "bin": { "tsc": "bin/tsc", "tsserver": "bin/tsserver" } }, ""],

    "ufo": ["ufo@1.5.3", "", {}, ""],

    "unicorn-magic": ["unicorn-magic@0.1.0", "", {}, ""],

    "unist-util-stringify-position": ["unist-util-stringify-position@2.0.3", "", { "dependencies": { "@types/unist": "^2.0.2" } }, ""],

    "update-browserslist-db": ["update-browserslist-db@1.0.16", "", { "dependencies": { "escalade": "^3.1.2", "picocolors": "^1.0.1" }, "peerDependencies": { "browserslist": ">= 4.21.0" }, "bin": "cli.js" }, ""],

    "uri-js": ["uri-js@4.4.1", "", { "dependencies": { "punycode": "^2.1.0" } }, ""],

    "util-deprecate": ["util-deprecate@1.0.2", "", {}, ""],

    "validate-npm-package-license": ["validate-npm-package-license@3.0.4", "", { "dependencies": { "spdx-correct": "^3.0.0", "spdx-expression-parse": "^3.0.0" } }, ""],

    "vue-eslint-parser": ["vue-eslint-parser@9.4.2", "", { "dependencies": { "debug": "^4.3.4", "eslint-scope": "^7.1.1", "eslint-visitor-keys": "^3.3.0", "espree": "^9.3.1", "esquery": "^1.4.0", "lodash": "^4.17.21", "semver": "^7.3.6" }, "peerDependencies": { "eslint": ">=6.0.0" } }, ""],

    "which": ["which@2.0.2", "", { "dependencies": { "isexe": "^2.0.0" }, "bin": { "node-which": "bin/node-which" } }, ""],

    "word-wrap": ["word-wrap@1.2.5", "", {}, ""],

    "wrap-ansi": ["wrap-ansi@7.0.0", "", { "dependencies": { "ansi-styles": "^4.0.0", "string-width": "^4.1.0", "strip-ansi": "^6.0.0" } }, ""],

    "wrappy": ["wrappy@1.0.2", "", {}, "sha512-l4Sp/DRseor9wL6EvV2+TuQn63dMkPjZ/sp9XkghTEbV9KlPS1xUsZ3u7/IQO4wxtcFB4bgpQPRcR3QCvezPcQ=="],

    "xml-name-validator": ["xml-name-validator@4.0.0", "", {}, ""],

    "y18n": ["y18n@5.0.8", "", {}, ""],

    "yaml": ["yaml@2.4.2", "", { "bin": "bin.mjs" }, ""],

    "yaml-eslint-parser": ["yaml-eslint-parser@1.2.2", "", { "dependencies": { "eslint-visitor-keys": "^3.0.0", "lodash": "^4.17.21", "yaml": "^2.0.0" } }, ""],

    "yargs": ["yargs@17.7.2", "", { "dependencies": { "cliui": "^8.0.1", "escalade": "^3.1.1", "get-caller-file": "^2.0.5", "require-directory": "^2.1.1", "string-width": "^4.2.3", "y18n": "^5.0.5", "yargs-parser": "^21.1.1" } }, ""],

    "yargs-parser": ["yargs-parser@21.1.1", "", {}, ""],

    "yocto-queue": ["yocto-queue@0.1.0", "", {}, ""],

    "@babel/highlight/chalk": ["chalk@2.4.2", "", { "dependencies": { "ansi-styles": "^3.2.1", "escape-string-regexp": "^1.0.5", "supports-color": "^5.3.0" } }, ""],

    "@eslint-community/eslint-utils/eslint-visitor-keys": ["eslint-visitor-keys@3.4.3", "", {}, ""],

    "@eslint/eslintrc/globals": ["globals@13.24.0", "", { "dependencies": { "type-fest": "^0.20.2" } }, "sha512-AhO5QUcj8llrbG09iWhPU2B204J1xnPeL8kQmVorSsy+Sjj1sk8gIyh6cUocGmH4L0UuhAJy+hJMRA4mgA4mFQ=="],

    "@stylistic/eslint-plugin-js/eslint-visitor-keys": ["eslint-visitor-keys@4.0.0", "", {}, ""],

    "@stylistic/eslint-plugin-js/espree": ["espree@10.0.1", "", { "dependencies": { "acorn": "^8.11.3", "acorn-jsx": "^5.3.2", "eslint-visitor-keys": "^4.0.0" } }, ""],

    "@typescript-eslint/typescript-estree/minimatch": ["minimatch@9.0.4", "", { "dependencies": { "brace-expansion": "^2.0.1" } }, ""],

    "@typescript-eslint/visitor-keys/eslint-visitor-keys": ["eslint-visitor-keys@3.4.3", "", {}, ""],

    "clean-regexp/escape-string-regexp": ["escape-string-regexp@1.0.5", "", {}, ""],

    "eslint/globals": ["globals@13.24.0", "", { "dependencies": { "type-fest": "^0.20.2" } }, "sha512-AhO5QUcj8llrbG09iWhPU2B204J1xnPeL8kQmVorSsy+Sjj1sk8gIyh6cUocGmH4L0UuhAJy+hJMRA4mgA4mFQ=="],

    "eslint-config-flat-gitignore/find-up": ["find-up@7.0.0", "", { "dependencies": { "locate-path": "^7.2.0", "path-exists": "^5.0.0", "unicorn-magic": "^0.1.0" } }, ""],

    "eslint-import-resolver-node/debug": ["debug@3.2.7", "", { "dependencies": { "ms": "^2.1.1" } }, ""],

    "eslint-plugin-eslint-comments/escape-string-regexp": ["escape-string-regexp@1.0.5", "", {}, ""],

    "eslint-plugin-import-x/minimatch": ["minimatch@9.0.4", "", { "dependencies": { "brace-expansion": "^2.0.1" } }, ""],

    "eslint-plugin-jsonc/espree": ["espree@9.6.1", "", { "dependencies": { "acorn": "^8.9.0", "acorn-jsx": "^5.3.2", "eslint-visitor-keys": "^3.4.1" } }, ""],

    "eslint-plugin-n/minimatch": ["minimatch@9.0.4", "", { "dependencies": { "brace-expansion": "^2.0.1" } }, ""],

    "eslint-plugin-perfectionist/minimatch": ["minimatch@9.0.4", "", { "dependencies": { "brace-expansion": "^2.0.1" } }, ""],

    "eslint-plugin-unicorn/@eslint/eslintrc": ["@eslint/eslintrc@3.1.0", "", { "dependencies": { "ajv": "^6.12.4", "debug": "^4.3.2", "espree": "^10.0.1", "globals": "^14.0.0", "ignore": "^5.2.0", "import-fresh": "^3.2.1", "js-yaml": "^4.1.0", "minimatch": "^3.1.2", "strip-json-comments": "^3.1.1" } }, ""],

    "eslint-plugin-vue/globals": ["globals@13.24.0", "", { "dependencies": { "type-fest": "^0.20.2" } }, ""],

    "fast-glob/glob-parent": ["glob-parent@5.1.2", "", { "dependencies": { "is-glob": "^4.0.1" } }, ""],

    "jsonc-eslint-parser/eslint-visitor-keys": ["eslint-visitor-keys@3.4.3", "", {}, ""],

    "jsonc-eslint-parser/espree": ["espree@9.6.1", "", { "dependencies": { "acorn": "^8.9.0", "acorn-jsx": "^5.3.2", "eslint-visitor-keys": "^3.4.1" } }, ""],

    "micromatch/picomatch": ["picomatch@2.3.1", "", {}, ""],

    "normalize-package-data/semver": ["semver@5.7.2", "", { "bin": "bin/semver" }, ""],

    "read-pkg/type-fest": ["type-fest@0.6.0", "", {}, ""],

    "read-pkg-up/find-up": ["find-up@4.1.0", "", { "dependencies": { "locate-path": "^5.0.0", "path-exists": "^4.0.0" } }, ""],

    "read-pkg-up/type-fest": ["type-fest@0.8.1", "", {}, ""],

    "regjsparser/jsesc": ["jsesc@0.5.0", "", { "bin": "bin/jsesc" }, ""],

    "spdx-correct/spdx-expression-parse": ["spdx-expression-parse@3.0.1", "", { "dependencies": { "spdx-exceptions": "^2.1.0", "spdx-license-ids": "^3.0.0" } }, ""],

    "toml-eslint-parser/eslint-visitor-keys": ["eslint-visitor-keys@3.4.3", "", {}, ""],

    "validate-npm-package-license/spdx-expression-parse": ["spdx-expression-parse@3.0.1", "", { "dependencies": { "spdx-exceptions": "^2.1.0", "spdx-license-ids": "^3.0.0" } }, ""],

    "vue-eslint-parser/eslint-visitor-keys": ["eslint-visitor-keys@3.4.3", "", {}, ""],

    "vue-eslint-parser/espree": ["espree@9.6.1", "", { "dependencies": { "acorn": "^8.9.0", "acorn-jsx": "^5.3.2", "eslint-visitor-keys": "^3.4.1" } }, ""],

    "yaml-eslint-parser/eslint-visitor-keys": ["eslint-visitor-keys@3.4.3", "", {}, ""],

    "@babel/highlight/chalk/ansi-styles": ["ansi-styles@3.2.1", "", { "dependencies": { "color-convert": "^1.9.0" } }, ""],

    "@babel/highlight/chalk/escape-string-regexp": ["escape-string-regexp@1.0.5", "", {}, ""],

    "@babel/highlight/chalk/supports-color": ["supports-color@5.5.0", "", { "dependencies": { "has-flag": "^3.0.0" } }, ""],

    "@typescript-eslint/typescript-estree/minimatch/brace-expansion": ["brace-expansion@2.0.1", "", { "dependencies": { "balanced-match": "^1.0.0" } }, ""],

    "eslint-config-flat-gitignore/find-up/locate-path": ["locate-path@7.2.0", "", { "dependencies": { "p-locate": "^6.0.0" } }, ""],

    "eslint-config-flat-gitignore/find-up/path-exists": ["path-exists@5.0.0", "", {}, ""],

    "eslint-plugin-import-x/minimatch/brace-expansion": ["brace-expansion@2.0.1", "", { "dependencies": { "balanced-match": "^1.0.0" } }, ""],

    "eslint-plugin-jsonc/espree/eslint-visitor-keys": ["eslint-visitor-keys@3.4.3", "", {}, ""],

    "eslint-plugin-n/minimatch/brace-expansion": ["brace-expansion@2.0.1", "", { "dependencies": { "balanced-match": "^1.0.0" } }, ""],

    "eslint-plugin-perfectionist/minimatch/brace-expansion": ["brace-expansion@2.0.1", "", { "dependencies": { "balanced-match": "^1.0.0" } }, ""],

    "eslint-plugin-unicorn/@eslint/eslintrc/espree": ["espree@10.0.1", "", { "dependencies": { "acorn": "^8.11.3", "acorn-jsx": "^5.3.2", "eslint-visitor-keys": "^4.0.0" } }, ""],

    "eslint-plugin-unicorn/@eslint/eslintrc/globals": ["globals@14.0.0", "", {}, ""],

    "eslint-plugin-vue/globals/type-fest": ["type-fest@0.20.2", "", {}, ""],

    "read-pkg-up/find-up/locate-path": ["locate-path@5.0.0", "", { "dependencies": { "p-locate": "^4.1.0" } }, ""],

    "@babel/highlight/chalk/ansi-styles/color-convert": ["color-convert@1.9.3", "", { "dependencies": { "color-name": "1.1.3" } }, ""],

    "@babel/highlight/chalk/supports-color/has-flag": ["has-flag@3.0.0", "", {}, ""],

    "eslint-config-flat-gitignore/find-up/locate-path/p-locate": ["p-locate@6.0.0", "", { "dependencies": { "p-limit": "^4.0.0" } }, ""],

    "eslint-plugin-unicorn/@eslint/eslintrc/espree/eslint-visitor-keys": ["eslint-visitor-keys@4.0.0", "", {}, ""],

    "read-pkg-up/find-up/locate-path/p-locate": ["p-locate@4.1.0", "", { "dependencies": { "p-limit": "^2.2.0" } }, ""],

    "@babel/highlight/chalk/ansi-styles/color-convert/color-name": ["color-name@1.1.3", "", {}, ""],

    "eslint-config-flat-gitignore/find-up/locate-path/p-locate/p-limit": ["p-limit@4.0.0", "", { "dependencies": { "yocto-queue": "^1.0.0" } }, ""],

    "read-pkg-up/find-up/locate-path/p-locate/p-limit": ["p-limit@2.3.0", "", { "dependencies": { "p-try": "^2.0.0" } }, ""],

    "eslint-config-flat-gitignore/find-up/locate-path/p-locate/p-limit/yocto-queue": ["yocto-queue@1.0.0", "", {}, ""],
  }
}
