{
	"name": "shared",
	"lockfileVersion": 3,
	"requires": true,
	"packages": {
		"": {
			"dependencies": {
				"bson": "^6.3.0",
				"ts-interface-builder": "^0.3.3",
				"ts-interface-checker": "^1.0.2"
			}
		},
		"node_modules/balanced-match": {
			"version": "1.0.2",
			"license": "MIT"
		},
		"node_modules/brace-expansion": {
			"version": "1.1.11",
			"license": "MIT",
			"dependencies": {
				"balanced-match": "^1.0.0",
				"concat-map": "0.0.1"
			}
		},
		"node_modules/bson": {
			"version": "6.3.0",
			"license": "Apache-2.0",
			"engines": {
				"node": ">=16.20.1"
			}
		},
		"node_modules/commander": {
			"version": "2.20.3",
			"license": "MIT"
		},
		"node_modules/concat-map": {
			"version": "0.0.1",
			"license": "MIT"
		},
		"node_modules/fs-extra": {
			"version": "4.0.3",
			"license": "MIT",
			"dependencies": {
				"graceful-fs": "^4.1.2",
				"jsonfile": "^4.0.0",
				"universalify": "^0.1.0"
			}
		},
		"node_modules/fs.realpath": {
			"version": "1.0.0",
			"license": "ISC"
		},
		"node_modules/glob": {
			"version": "7.2.3",
			"license": "ISC",
			"dependencies": {
				"fs.realpath": "^1.0.0",
				"inflight": "^1.0.4",
				"inherits": "2",
				"minimatch": "^3.1.1",
				"once": "^1.3.0",
				"path-is-absolute": "^1.0.0"
			},
			"engines": {
				"node": "*"
			},
			"funding": {
				"url": "https://github.com/sponsors/isaacs"
			}
		},
		"node_modules/graceful-fs": {
			"version": "4.2.11",
			"license": "ISC"
		},
		"node_modules/inflight": {
			"version": "1.0.6",
			"license": "ISC",
			"dependencies": {
				"once": "^1.3.0",
				"wrappy": "1"
			}
		},
		"node_modules/inherits": {
			"version": "2.0.4",
			"license": "ISC"
		},
		"node_modules/jsonfile": {
			"version": "4.0.0",
			"license": "MIT",
			"optionalDependencies": {
				"graceful-fs": "^4.1.6"
			}
		},
		"node_modules/minimatch": {
			"version": "3.1.2",
			"license": "ISC",
			"dependencies": {
				"brace-expansion": "^1.1.7"
			},
			"engines": {
				"node": "*"
			}
		},
		"node_modules/once": {
			"version": "1.4.0",
			"license": "ISC",
			"dependencies": {
				"wrappy": "1"
			}
		},
		"node_modules/path-is-absolute": {
			"version": "1.0.1",
			"license": "MIT",
			"engines": {
				"node": ">=0.10.0"
			}
		},
		"node_modules/ts-interface-builder": {
			"version": "0.3.3",
			"license": "Apache-2.0",
			"dependencies": {
				"commander": "^2.12.2",
				"fs-extra": "^4.0.3",
				"glob": "^7.1.6",
				"typescript": "^3.0.0"
			},
			"bin": {
				"ts-interface-builder": "bin/ts-interface-builder"
			}
		},
		"node_modules/ts-interface-checker": {
			"version": "1.0.2",
			"license": "Apache-2.0"
		},
		"node_modules/typescript": {
			"version": "3.9.10",
			"license": "Apache-2.0",
			"bin": {
				"tsc": "bin/tsc",
				"tsserver": "bin/tsserver"
			},
			"engines": {
				"node": ">=4.2.0"
			}
		},
		"node_modules/universalify": {
			"version": "0.1.2",
			"license": "MIT",
			"engines": {
				"node": ">= 4.0.0"
			}
		},
		"node_modules/wrappy": {
			"version": "1.0.2",
			"license": "ISC"
		}
	}
}
